
Microsoft Visual Studio Solution File, Format Version 12.00
# Visual Studio Version 17
VisualStudioVersion = 17.8.34511.84
MinimumVisualStudioVersion = 10.0.40219.1
Project("{FAE04EC0-301F-11D3-BF4B-00C04F79EFBC}") = "Tarea-1.2", "Tarea-1.2.csproj", "{B9954809-DE6B-461A-9A12-D5DE179D1563}"
EndProject
Global
	GlobalSection(SolutionConfigurationPlatforms) = preSolution
		Debug|Any CPU = Debug|Any CPU
		Release|Any CPU = Release|Any CPU
	EndGlobalSection
	GlobalSection(ProjectConfigurationPlatforms) = postSolution
		{B9954809-DE6B-461A-9A12-D5DE179D1563}.Debug|Any CPU.ActiveCfg = Debug|Any CPU
		{B9954809-DE6B-461A-9A12-D5DE179D1563}.Debug|Any CPU.Build.0 = Debug|Any CPU
		{B9954809-DE6B-461A-9A12-D5DE179D1563}.Debug|Any CPU.Deploy.0 = Debug|Any CPU
		{B9954809-DE6B-461A-9A12-D5DE179D1563}.Release|Any CPU.ActiveCfg = Release|Any CPU
		{B9954809-DE6B-461A-9A12-D5DE179D1563}.Release|Any CPU.Build.0 = Release|Any CPU
		{B9954809-DE6B-461A-9A12-D5DE179D1563}.Release|Any CPU.Deploy.0 = Release|Any CPU
	EndGlobalSection
	GlobalSection(SolutionProperties) = preSolution
		HideSolutionNode = FALSE
	EndGlobalSection
	GlobalSection(ExtensibilityGlobals) = postSolution
		SolutionGuid = {50225BB8-D143-4C7F-8B08-164D0FCE7BB1}
	EndGlobalSection
EndGlobal
